
Microsoft Visual Studio Solution File, Format Version 12.00
# Visual Studio Version 16
VisualStudioVersion = 16.0.29613.14
MinimumVisualStudioVersion = 10.0.40219.1
Project("{FAE04EC0-301F-11D3-BF4B-00C04F79EFBC}") = "FinalWebApplication", "FinalWebApplication\FinalWebApplication.csproj", "{04DC801C-74F3-4F10-AB08-09B1E5686823}"
EndProject
Global
	GlobalSection(SolutionConfigurationPlatforms) = preSolution
		Debug|Any CPU = Debug|Any CPU
		Release|Any CPU = Release|Any CPU
	EndGlobalSection
	GlobalSection(ProjectConfigurationPlatforms) = postSolution
		{04DC801C-74F3-4F10-AB08-09B1E5686823}.Debug|Any CPU.ActiveCfg = Debug|Any CPU
		{04DC801C-74F3-4F10-AB08-09B1E5686823}.Debug|Any CPU.Build.0 = Debug|Any CPU
		{04DC801C-74F3-4F10-AB08-09B1E5686823}.Release|Any CPU.ActiveCfg = Release|Any CPU
		{04DC801C-74F3-4F10-AB08-09B1E5686823}.Release|Any CPU.Build.0 = Release|Any CPU
	EndGlobalSection
	GlobalSection(SolutionProperties) = preSolution
		HideSolutionNode = FALSE
	EndGlobalSection
	GlobalSection(ExtensibilityGlobals) = postSolution
		SolutionGuid = {F96AF94A-8BFF-4415-8081-5938CCD38FF5}
	EndGlobalSection
EndGlobal
